
Microsoft Visual Studio Solution File, Format Version 12.00
# Visual Studio 15
VisualStudioVersion = 15.0.28307.168
MinimumVisualStudioVersion = 10.0.40219.1
Project("{9A19103F-16F7-4668-BE54-9A1E7A4F7556}") = "CoreWeb", "openspy-web-backend\CoreWeb.csproj", "{67FDBB2F-9EBF-4991-BAA2-21572AA7AEDC}"
EndProject
Global
	GlobalSection(SolutionConfigurationPlatforms) = preSolution
		Debug|Any CPU = Debug|Any CPU
		Release|Any CPU = Release|Any CPU
	EndGlobalSection
	GlobalSection(ProjectConfigurationPlatforms) = postSolution
		{67FDBB2F-9EBF-4991-BAA2-21572AA7AEDC}.Debug|Any CPU.ActiveCfg = Debug|Any CPU
		{67FDBB2F-9EBF-4991-BAA2-21572AA7AEDC}.Debug|Any CPU.Build.0 = Debug|Any CPU
		{67FDBB2F-9EBF-4991-BAA2-21572AA7AEDC}.Release|Any CPU.ActiveCfg = Release|Any CPU
		{67FDBB2F-9EBF-4991-BAA2-21572AA7AEDC}.Release|Any CPU.Build.0 = Release|Any CPU
	EndGlobalSection
	GlobalSection(SolutionProperties) = preSolution
		HideSolutionNode = FALSE
	EndGlobalSection
	GlobalSection(ExtensibilityGlobals) = postSolution
		SolutionGuid = {DC6D717E-DB06-46DD-8B6D-ACBE9813CB2A}
	EndGlobalSection
EndGlobal
